
Microsoft Visual Studio Solution File, Format Version 12.00
# Visual Studio 14
VisualStudioVersion = 14.0.25420.1
MinimumVisualStudioVersion = 10.0.40219.1
Project("{FAE04EC0-301F-11D3-BF4B-00C04F79EFBC}") = "Conference2018", "Conference2018\Conference2018.csproj", "{CDCD44AC-4299-49B0-B4B3-026E8125C571}"
EndProject
Project("{FAE04EC0-301F-11D3-BF4B-00C04F79EFBC}") = "RegistrationClassLibrary", "RegistrationClassLibrary\RegistrationClassLibrary.csproj", "{EC799D21-52C1-4A16-A020-33465EF0B85A}"
EndProject
Project("{F088123C-0E9E-452A-89E6-6BA2F21D5CAC}") = "PSUPIC", "PSUPIC\PSUPIC.modelproj", "{F19D7C71-CFC4-462F-AF05-C2BC819A81F3}"
EndProject
Project("{FAE04EC0-301F-11D3-BF4B-00C04F79EFBC}") = "PSUPICLib", "PSUPICLib\PSUPICLib.csproj", "{A9109961-58F7-484C-8BEB-94DA8CFBC86F}"
EndProject
Global
	GlobalSection(SolutionConfigurationPlatforms) = preSolution
		Debug|Any CPU = Debug|Any CPU
		Release|Any CPU = Release|Any CPU
	EndGlobalSection
	GlobalSection(ProjectConfigurationPlatforms) = postSolution
		{CDCD44AC-4299-49B0-B4B3-026E8125C571}.Debug|Any CPU.ActiveCfg = Debug|Any CPU
		{CDCD44AC-4299-49B0-B4B3-026E8125C571}.Debug|Any CPU.Build.0 = Debug|Any CPU
		{CDCD44AC-4299-49B0-B4B3-026E8125C571}.Release|Any CPU.ActiveCfg = Release|Any CPU
		{CDCD44AC-4299-49B0-B4B3-026E8125C571}.Release|Any CPU.Build.0 = Release|Any CPU
		{EC799D21-52C1-4A16-A020-33465EF0B85A}.Debug|Any CPU.ActiveCfg = Debug|Any CPU
		{EC799D21-52C1-4A16-A020-33465EF0B85A}.Debug|Any CPU.Build.0 = Debug|Any CPU
		{EC799D21-52C1-4A16-A020-33465EF0B85A}.Release|Any CPU.ActiveCfg = Release|Any CPU
		{EC799D21-52C1-4A16-A020-33465EF0B85A}.Release|Any CPU.Build.0 = Release|Any CPU
		{F19D7C71-CFC4-462F-AF05-C2BC819A81F3}.Debug|Any CPU.ActiveCfg = Debug|Any CPU
		{F19D7C71-CFC4-462F-AF05-C2BC819A81F3}.Debug|Any CPU.Build.0 = Debug|Any CPU
		{F19D7C71-CFC4-462F-AF05-C2BC819A81F3}.Release|Any CPU.ActiveCfg = Release|Any CPU
		{F19D7C71-CFC4-462F-AF05-C2BC819A81F3}.Release|Any CPU.Build.0 = Release|Any CPU
		{A9109961-58F7-484C-8BEB-94DA8CFBC86F}.Debug|Any CPU.ActiveCfg = Debug|Any CPU
		{A9109961-58F7-484C-8BEB-94DA8CFBC86F}.Debug|Any CPU.Build.0 = Debug|Any CPU
		{A9109961-58F7-484C-8BEB-94DA8CFBC86F}.Release|Any CPU.ActiveCfg = Release|Any CPU
		{A9109961-58F7-484C-8BEB-94DA8CFBC86F}.Release|Any CPU.Build.0 = Release|Any CPU
	EndGlobalSection
	GlobalSection(SolutionProperties) = preSolution
		HideSolutionNode = FALSE
	EndGlobalSection
EndGlobal
